
Microsoft Visual Studio Solution File, Format Version 11.00
# Visual Studio 2010
Project("{FAE04EC0-301F-11D3-BF4B-00C04F79EFBC}") = "HistoryVAR", "Assembly-CSharp.csproj", "{784AF510-1A9C-ACD8-DE26-A0B37ECAE5BC}"
EndProject
Project("{FAE04EC0-301F-11D3-BF4B-00C04F79EFBC}") = "HistoryVAR", "Assembly-CSharp-Editor.csproj", "{641C4DA5-5187-0AF5-B225-FB8C653830AE}"
EndProject
Global
	GlobalSection(SolutionConfigurationPlatforms) = preSolution
		Debug|Any CPU = Debug|Any CPU
		Release|Any CPU = Release|Any CPU
	EndGlobalSection
	GlobalSection(ProjectConfigurationPlatforms) = postSolution
		{784AF510-1A9C-ACD8-DE26-A0B37ECAE5BC}.Debug|Any CPU.ActiveCfg = Debug|Any CPU
		{784AF510-1A9C-ACD8-DE26-A0B37ECAE5BC}.Debug|Any CPU.Build.0 = Debug|Any CPU
		{784AF510-1A9C-ACD8-DE26-A0B37ECAE5BC}.Release|Any CPU.ActiveCfg = Release|Any CPU
		{784AF510-1A9C-ACD8-DE26-A0B37ECAE5BC}.Release|Any CPU.Build.0 = Release|Any CPU
		{641C4DA5-5187-0AF5-B225-FB8C653830AE}.Debug|Any CPU.ActiveCfg = Debug|Any CPU
		{641C4DA5-5187-0AF5-B225-FB8C653830AE}.Debug|Any CPU.Build.0 = Debug|Any CPU
		{641C4DA5-5187-0AF5-B225-FB8C653830AE}.Release|Any CPU.ActiveCfg = Release|Any CPU
		{641C4DA5-5187-0AF5-B225-FB8C653830AE}.Release|Any CPU.Build.0 = Release|Any CPU
	EndGlobalSection
	GlobalSection(SolutionProperties) = preSolution
		HideSolutionNode = FALSE
	EndGlobalSection
	GlobalSection(MonoDevelopProperties) = preSolution
		StartupItem = Assembly-CSharp.csproj
	EndGlobalSection
EndGlobal
